
Microsoft Visual Studio Solution File, Format Version 12.00
# Visual Studio 14
VisualStudioVersion = 14.0.25420.1
MinimumVisualStudioVersion = 10.0.40219.1
Project("{F184B08F-C81C-45F6-A57F-5ABD9991F28F}") = "AF_ERP", "AF_ERP\AF_ERP.vbproj", "{445B4FF6-2CF1-41D4-BB55-9D117DED7155}"
EndProject
Project("{F184B08F-C81C-45F6-A57F-5ABD9991F28F}") = "AF_Core", "AF_Core\AF_Core.vbproj", "{016238EB-7277-4DC7-A99A-C9C9E4A390D0}"
EndProject
Global
	GlobalSection(SolutionConfigurationPlatforms) = preSolution
		Debug|Any CPU = Debug|Any CPU
		Debug|x86 = Debug|x86
		Release|Any CPU = Release|Any CPU
		Release|x86 = Release|x86
	EndGlobalSection
	GlobalSection(ProjectConfigurationPlatforms) = postSolution
		{445B4FF6-2CF1-41D4-BB55-9D117DED7155}.Debug|Any CPU.ActiveCfg = Debug|Any CPU
		{445B4FF6-2CF1-41D4-BB55-9D117DED7155}.Debug|Any CPU.Build.0 = Debug|Any CPU
		{445B4FF6-2CF1-41D4-BB55-9D117DED7155}.Debug|x86.ActiveCfg = Debug|Any CPU
		{445B4FF6-2CF1-41D4-BB55-9D117DED7155}.Debug|x86.Build.0 = Debug|Any CPU
		{445B4FF6-2CF1-41D4-BB55-9D117DED7155}.Release|Any CPU.ActiveCfg = Release|Any CPU
		{445B4FF6-2CF1-41D4-BB55-9D117DED7155}.Release|Any CPU.Build.0 = Release|Any CPU
		{445B4FF6-2CF1-41D4-BB55-9D117DED7155}.Release|x86.ActiveCfg = Release|Any CPU
		{445B4FF6-2CF1-41D4-BB55-9D117DED7155}.Release|x86.Build.0 = Release|Any CPU
		{016238EB-7277-4DC7-A99A-C9C9E4A390D0}.Debug|Any CPU.ActiveCfg = Debug|Any CPU
		{016238EB-7277-4DC7-A99A-C9C9E4A390D0}.Debug|Any CPU.Build.0 = Debug|Any CPU
		{016238EB-7277-4DC7-A99A-C9C9E4A390D0}.Debug|x86.ActiveCfg = Debug|Any CPU
		{016238EB-7277-4DC7-A99A-C9C9E4A390D0}.Debug|x86.Build.0 = Debug|Any CPU
		{016238EB-7277-4DC7-A99A-C9C9E4A390D0}.Release|Any CPU.ActiveCfg = Release|Any CPU
		{016238EB-7277-4DC7-A99A-C9C9E4A390D0}.Release|Any CPU.Build.0 = Release|Any CPU
		{016238EB-7277-4DC7-A99A-C9C9E4A390D0}.Release|x86.ActiveCfg = Release|Any CPU
		{016238EB-7277-4DC7-A99A-C9C9E4A390D0}.Release|x86.Build.0 = Release|Any CPU
	EndGlobalSection
	GlobalSection(SolutionProperties) = preSolution
		HideSolutionNode = FALSE
	EndGlobalSection
EndGlobal
